
Microsoft Visual Studio Solution File, Format Version 12.00
# Visual Studio Version 16
VisualStudioVersion = 16.0.29519.87
MinimumVisualStudioVersion = 10.0.40219.1
Project("{9A19103F-16F7-4668-BE54-9A1E7A4F7556}") = "VehicleControl", "VehicleControl.csproj", "{E0A25AAF-ED70-499C-811C-D3FC67DF81A7}"
EndProject
Project("{2150E333-8FDC-42A3-9474-1A3956D46DE8}") = "Api", "Api", "{4F661426-B673-429C-A29F-E53113ED2A4B}"
EndProject
Project("{2150E333-8FDC-42A3-9474-1A3956D46DE8}") = "Core", "Core", "{91666B6C-72F5-492E-A7E1-4C12035E82FD}"
EndProject
Project("{2150E333-8FDC-42A3-9474-1A3956D46DE8}") = "Business", "Business", "{E6932C4D-FB11-4F4E-9361-F8E64366C711}"
EndProject
Project("{2150E333-8FDC-42A3-9474-1A3956D46DE8}") = "Data", "Data", "{51764063-F547-4984-9033-8C3E15592ADC}"
EndProject
Project("{2150E333-8FDC-42A3-9474-1A3956D46DE8}") = "CrossCutting", "CrossCutting", "{41E0012B-D446-406E-B67D-9F490D57C832}"
EndProject
Project("{2150E333-8FDC-42A3-9474-1A3956D46DE8}") = "Domain", "Domain", "{55C3B992-1C8E-4C68-B2B0-82F56C4E4040}"
EndProject
Project("{2150E333-8FDC-42A3-9474-1A3956D46DE8}") = "Test", "Test", "{A410A412-532C-4283-80E4-72C7FC1CEE75}"
EndProject
Project("{9A19103F-16F7-4668-BE54-9A1E7A4F7556}") = "VehicleControl.CrossCutting", "..\VehicleControl.CrossCutting\VehicleControl.CrossCutting.csproj", "{6BC84B28-928B-4B9B-A9A8-448D73DF4124}"
EndProject
Project("{9A19103F-16F7-4668-BE54-9A1E7A4F7556}") = "VehicleControl.Data", "..\VehicleControl.Data\VehicleControl.Data.csproj", "{A2C51936-C289-462D-B277-CDA407D9BD33}"
EndProject
Project("{9A19103F-16F7-4668-BE54-9A1E7A4F7556}") = "VehicleControl.Domain", "..\VehicleControl.Domaiin\VehicleControl.Domain.csproj", "{A7E42C07-1987-45BC-B8FB-3901556F5117}"
EndProject
Project("{9A19103F-16F7-4668-BE54-9A1E7A4F7556}") = "VehicleControl.Business", "..\VehicleControl.Business\VehicleControl.Business.csproj", "{208FD6BB-DA96-484B-8AA0-75026C0FCFF2}"
EndProject
Project("{FAE04EC0-301F-11D3-BF4B-00C04F79EFBC}") = "Services.Test", "..\Services.Test\Services.Test.csproj", "{D0F8C321-B6FA-4094-97C0-8DB6D148561D}"
EndProject
Project("{FAE04EC0-301F-11D3-BF4B-00C04F79EFBC}") = "Helpers.Test", "..\Helpers.Test\Helpers.Test.csproj", "{11E905B3-503E-4A78-9B9A-B100F0A0621C}"
EndProject
Global
	GlobalSection(SolutionConfigurationPlatforms) = preSolution
		Debug|Any CPU = Debug|Any CPU
		Release|Any CPU = Release|Any CPU
	EndGlobalSection
	GlobalSection(ProjectConfigurationPlatforms) = postSolution
		{E0A25AAF-ED70-499C-811C-D3FC67DF81A7}.Debug|Any CPU.ActiveCfg = Debug|Any CPU
		{E0A25AAF-ED70-499C-811C-D3FC67DF81A7}.Debug|Any CPU.Build.0 = Debug|Any CPU
		{E0A25AAF-ED70-499C-811C-D3FC67DF81A7}.Release|Any CPU.ActiveCfg = Release|Any CPU
		{E0A25AAF-ED70-499C-811C-D3FC67DF81A7}.Release|Any CPU.Build.0 = Release|Any CPU
		{6BC84B28-928B-4B9B-A9A8-448D73DF4124}.Debug|Any CPU.ActiveCfg = Debug|Any CPU
		{6BC84B28-928B-4B9B-A9A8-448D73DF4124}.Debug|Any CPU.Build.0 = Debug|Any CPU
		{6BC84B28-928B-4B9B-A9A8-448D73DF4124}.Release|Any CPU.ActiveCfg = Release|Any CPU
		{6BC84B28-928B-4B9B-A9A8-448D73DF4124}.Release|Any CPU.Build.0 = Release|Any CPU
		{A2C51936-C289-462D-B277-CDA407D9BD33}.Debug|Any CPU.ActiveCfg = Debug|Any CPU
		{A2C51936-C289-462D-B277-CDA407D9BD33}.Debug|Any CPU.Build.0 = Debug|Any CPU
		{A2C51936-C289-462D-B277-CDA407D9BD33}.Release|Any CPU.ActiveCfg = Release|Any CPU
		{A2C51936-C289-462D-B277-CDA407D9BD33}.Release|Any CPU.Build.0 = Release|Any CPU
		{A7E42C07-1987-45BC-B8FB-3901556F5117}.Debug|Any CPU.ActiveCfg = Debug|Any CPU
		{A7E42C07-1987-45BC-B8FB-3901556F5117}.Debug|Any CPU.Build.0 = Debug|Any CPU
		{A7E42C07-1987-45BC-B8FB-3901556F5117}.Release|Any CPU.ActiveCfg = Release|Any CPU
		{A7E42C07-1987-45BC-B8FB-3901556F5117}.Release|Any CPU.Build.0 = Release|Any CPU
		{208FD6BB-DA96-484B-8AA0-75026C0FCFF2}.Debug|Any CPU.ActiveCfg = Debug|Any CPU
		{208FD6BB-DA96-484B-8AA0-75026C0FCFF2}.Debug|Any CPU.Build.0 = Debug|Any CPU
		{208FD6BB-DA96-484B-8AA0-75026C0FCFF2}.Release|Any CPU.ActiveCfg = Release|Any CPU
		{208FD6BB-DA96-484B-8AA0-75026C0FCFF2}.Release|Any CPU.Build.0 = Release|Any CPU
		{D0F8C321-B6FA-4094-97C0-8DB6D148561D}.Debug|Any CPU.ActiveCfg = Debug|Any CPU
		{D0F8C321-B6FA-4094-97C0-8DB6D148561D}.Debug|Any CPU.Build.0 = Debug|Any CPU
		{D0F8C321-B6FA-4094-97C0-8DB6D148561D}.Release|Any CPU.ActiveCfg = Release|Any CPU
		{D0F8C321-B6FA-4094-97C0-8DB6D148561D}.Release|Any CPU.Build.0 = Release|Any CPU
		{11E905B3-503E-4A78-9B9A-B100F0A0621C}.Debug|Any CPU.ActiveCfg = Debug|Any CPU
		{11E905B3-503E-4A78-9B9A-B100F0A0621C}.Debug|Any CPU.Build.0 = Debug|Any CPU
		{11E905B3-503E-4A78-9B9A-B100F0A0621C}.Release|Any CPU.ActiveCfg = Release|Any CPU
		{11E905B3-503E-4A78-9B9A-B100F0A0621C}.Release|Any CPU.Build.0 = Release|Any CPU
	EndGlobalSection
	GlobalSection(SolutionProperties) = preSolution
		HideSolutionNode = FALSE
	EndGlobalSection
	GlobalSection(NestedProjects) = preSolution
		{E0A25AAF-ED70-499C-811C-D3FC67DF81A7} = {4F661426-B673-429C-A29F-E53113ED2A4B}
		{E6932C4D-FB11-4F4E-9361-F8E64366C711} = {91666B6C-72F5-492E-A7E1-4C12035E82FD}
		{51764063-F547-4984-9033-8C3E15592ADC} = {91666B6C-72F5-492E-A7E1-4C12035E82FD}
		{6BC84B28-928B-4B9B-A9A8-448D73DF4124} = {41E0012B-D446-406E-B67D-9F490D57C832}
		{A2C51936-C289-462D-B277-CDA407D9BD33} = {51764063-F547-4984-9033-8C3E15592ADC}
		{A7E42C07-1987-45BC-B8FB-3901556F5117} = {55C3B992-1C8E-4C68-B2B0-82F56C4E4040}
		{208FD6BB-DA96-484B-8AA0-75026C0FCFF2} = {E6932C4D-FB11-4F4E-9361-F8E64366C711}
		{D0F8C321-B6FA-4094-97C0-8DB6D148561D} = {A410A412-532C-4283-80E4-72C7FC1CEE75}
		{11E905B3-503E-4A78-9B9A-B100F0A0621C} = {A410A412-532C-4283-80E4-72C7FC1CEE75}
	EndGlobalSection
	GlobalSection(ExtensibilityGlobals) = postSolution
		SolutionGuid = {7838E741-A9E0-4D09-AFBA-09BBA7F661E3}
	EndGlobalSection
EndGlobal
